
Microsoft Visual Studio Solution File, Format Version 12.00
# Visual Studio Version 17
VisualStudioVersion = 17.8.34525.116
MinimumVisualStudioVersion = 10.0.40219.1
Project("{FAE04EC0-301F-11D3-BF4B-00C04F79EFBC}") = "RealEstate.Business", "RealEstate.Business\RealEstate.Business.csproj", "{866C6B71-A9E6-4577-B56A-C628094353B6}"
EndProject
Project("{FAE04EC0-301F-11D3-BF4B-00C04F79EFBC}") = "RealEstate.Tests", "RealEstate.Tests\RealEstate.Tests.csproj", "{9F0A5367-848B-41DA-B1E8-63D702AA3BD2}"
EndProject
Global
	GlobalSection(SolutionConfigurationPlatforms) = preSolution
		Debug|Any CPU = Debug|Any CPU
		Release|Any CPU = Release|Any CPU
	EndGlobalSection
	GlobalSection(ProjectConfigurationPlatforms) = postSolution
		{866C6B71-A9E6-4577-B56A-C628094353B6}.Debug|Any CPU.ActiveCfg = Debug|Any CPU
		{866C6B71-A9E6-4577-B56A-C628094353B6}.Debug|Any CPU.Build.0 = Debug|Any CPU
		{866C6B71-A9E6-4577-B56A-C628094353B6}.Release|Any CPU.ActiveCfg = Release|Any CPU
		{866C6B71-A9E6-4577-B56A-C628094353B6}.Release|Any CPU.Build.0 = Release|Any CPU
		{9F0A5367-848B-41DA-B1E8-63D702AA3BD2}.Debug|Any CPU.ActiveCfg = Debug|Any CPU
		{9F0A5367-848B-41DA-B1E8-63D702AA3BD2}.Debug|Any CPU.Build.0 = Debug|Any CPU
		{9F0A5367-848B-41DA-B1E8-63D702AA3BD2}.Release|Any CPU.ActiveCfg = Release|Any CPU
		{9F0A5367-848B-41DA-B1E8-63D702AA3BD2}.Release|Any CPU.Build.0 = Release|Any CPU
	EndGlobalSection
	GlobalSection(SolutionProperties) = preSolution
		HideSolutionNode = FALSE
	EndGlobalSection
	GlobalSection(ExtensibilityGlobals) = postSolution
		SolutionGuid = {A0B54114-2E22-4377-ADDC-982A2F34FCC1}
	EndGlobalSection
EndGlobal
